// !$*UTF8*$!
{
	archiveVersion = 1;
	classes = {
	};
	objectVersion = 56;
	objects = {

/* Begin PBXBuildFile section */
		13B6BD172A7BF2FB003236E7 /* StoneView.swift in Sources */ = {isa = PBXBuildFile; fileRef = 13B6BD162A7BF2FB003236E7 /* StoneView.swift */; };
		13C730462A76F0A3006FF6FD /* AppDelegate.swift in Sources */ = {isa = PBXBuildFile; fileRef = 13C730452A76F0A3006FF6FD /* AppDelegate.swift */; };
		13C730482A76F0A3006FF6FD /* SceneDelegate.swift in Sources */ = {isa = PBXBuildFile; fileRef = 13C730472A76F0A3006FF6FD /* SceneDelegate.swift */; };
		13C730502A76F0A3006FF6FD /* WeatherM.xcdatamodeld in Sources */ = {isa = PBXBuildFile; fileRef = 13C7304E2A76F0A3006FF6FD /* WeatherM.xcdatamodeld */; };
		13C730522A76F0A4006FF6FD /* Assets.xcassets in Resources */ = {isa = PBXBuildFile; fileRef = 13C730512A76F0A4006FF6FD /* Assets.xcassets */; };
		13C730552A76F0A4006FF6FD /* LaunchScreen.storyboard in Resources */ = {isa = PBXBuildFile; fileRef = 13C730532A76F0A4006FF6FD /* LaunchScreen.storyboard */; };
		13C730602A76F0A4006FF6FD /* WeatherMTests.swift in Sources */ = {isa = PBXBuildFile; fileRef = 13C7305F2A76F0A4006FF6FD /* WeatherMTests.swift */; };
		13C7306A2A76F0A4006FF6FD /* WeatherMUITests.swift in Sources */ = {isa = PBXBuildFile; fileRef = 13C730692A76F0A4006FF6FD /* WeatherMUITests.swift */; };
		13C7306C2A76F0A4006FF6FD /* WeatherMUITestsLaunchTests.swift in Sources */ = {isa = PBXBuildFile; fileRef = 13C7306B2A76F0A4006FF6FD /* WeatherMUITestsLaunchTests.swift */; };
		13C7307C2A76F2E2006FF6FD /* MainViewController.swift in Sources */ = {isa = PBXBuildFile; fileRef = 13C7307B2A76F2E2006FF6FD /* MainViewController.swift */; };
		13E8A6DF2A7B9DD500519FDF /* Ubuntu-Bold.ttf in Resources */ = {isa = PBXBuildFile; fileRef = 13E8A6DD2A7B9DD500519FDF /* Ubuntu-Bold.ttf */; };
		13E8A6E02A7B9DD500519FDF /* Ubuntu-Medium.ttf in Resources */ = {isa = PBXBuildFile; fileRef = 13E8A6DE2A7B9DD500519FDF /* Ubuntu-Medium.ttf */; };
		13F5677B2A77018D006DF976 /* Ubuntu-Regular.ttf in Resources */ = {isa = PBXBuildFile; fileRef = 13F567792A77018D006DF976 /* Ubuntu-Regular.ttf */; };
		13F5677C2A77018D006DF976 /* Ubuntu-Light.ttf in Resources */ = {isa = PBXBuildFile; fileRef = 13F5677A2A77018D006DF976 /* Ubuntu-Light.ttf */; };
		13F5677E2A77038F006DF976 /* CustomFonts.swift in Sources */ = {isa = PBXBuildFile; fileRef = 13F5677D2A77038F006DF976 /* CustomFonts.swift */; };
		6E091E40640C71CBF3968F0C /* Pods_WeatherM.framework in Frameworks */ = {isa = PBXBuildFile; fileRef = AD56645E5820850931320CBF /* Pods_WeatherM.framework */; };
		88DE6AC9C20E12E6FD78263A /* Pods_WeatherM_WeatherMUITests.framework in Frameworks */ = {isa = PBXBuildFile; fileRef = 5F3E80747E895E6679070407 /* Pods_WeatherM_WeatherMUITests.framework */; };
		FA85D5C957DEF44995F99708 /* Pods_WeatherMTests.framework in Frameworks */ = {isa = PBXBuildFile; fileRef = DA3152BFEE699F4C6140264E /* Pods_WeatherMTests.framework */; };
/* End PBXBuildFile section */

/* Begin PBXContainerItemProxy section */
		13C7305C2A76F0A4006FF6FD /* PBXContainerItemProxy */ = {
			isa = PBXContainerItemProxy;
			containerPortal = 13C7303A2A76F0A3006FF6FD /* Project object */;
			proxyType = 1;
			remoteGlobalIDString = 13C730412A76F0A3006FF6FD;
			remoteInfo = WeatherM;
		};
		13C730662A76F0A4006FF6FD /* PBXContainerItemProxy */ = {
			isa = PBXContainerItemProxy;
			containerPortal = 13C7303A2A76F0A3006FF6FD /* Project object */;
			proxyType = 1;
			remoteGlobalIDString = 13C730412A76F0A3006FF6FD;
			remoteInfo = WeatherM;
		};
/* End PBXContainerItemProxy section */

/* Begin PBXFileReference section */
		13B6BD162A7BF2FB003236E7 /* StoneView.swift */ = {isa = PBXFileReference; lastKnownFileType = sourcecode.swift; path = StoneView.swift; sourceTree = "<group>"; };
		13C730422A76F0A3006FF6FD /* WeatherM.app */ = {isa = PBXFileReference; explicitFileType = wrapper.application; includeInIndex = 0; path = WeatherM.app; sourceTree = BUILT_PRODUCTS_DIR; };
		13C730452A76F0A3006FF6FD /* AppDelegate.swift */ = {isa = PBXFileReference; lastKnownFileType = sourcecode.swift; path = AppDelegate.swift; sourceTree = "<group>"; };
		13C730472A76F0A3006FF6FD /* SceneDelegate.swift */ = {isa = PBXFileReference; lastKnownFileType = sourcecode.swift; path = SceneDelegate.swift; sourceTree = "<group>"; };
		13C7304F2A76F0A3006FF6FD /* WeatherM.xcdatamodel */ = {isa = PBXFileReference; lastKnownFileType = wrapper.xcdatamodel; path = WeatherM.xcdatamodel; sourceTree = "<group>"; };
		13C730512A76F0A4006FF6FD /* Assets.xcassets */ = {isa = PBXFileReference; lastKnownFileType = folder.assetcatalog; path = Assets.xcassets; sourceTree = "<group>"; };
		13C730542A76F0A4006FF6FD /* Base */ = {isa = PBXFileReference; lastKnownFileType = file.storyboard; name = Base; path = Base.lproj/LaunchScreen.storyboard; sourceTree = "<group>"; };
		13C730562A76F0A4006FF6FD /* Info.plist */ = {isa = PBXFileReference; lastKnownFileType = text.plist.xml; path = Info.plist; sourceTree = "<group>"; };
		13C7305B2A76F0A4006FF6FD /* WeatherMTests.xctest */ = {isa = PBXFileReference; explicitFileType = wrapper.cfbundle; includeInIndex = 0; path = WeatherMTests.xctest; sourceTree = BUILT_PRODUCTS_DIR; };
		13C7305F2A76F0A4006FF6FD /* WeatherMTests.swift */ = {isa = PBXFileReference; lastKnownFileType = sourcecode.swift; path = WeatherMTests.swift; sourceTree = "<group>"; };
		13C730652A76F0A4006FF6FD /* WeatherMUITests.xctest */ = {isa = PBXFileReference; explicitFileType = wrapper.cfbundle; includeInIndex = 0; path = WeatherMUITests.xctest; sourceTree = BUILT_PRODUCTS_DIR; };
		13C730692A76F0A4006FF6FD /* WeatherMUITests.swift */ = {isa = PBXFileReference; lastKnownFileType = sourcecode.swift; path = WeatherMUITests.swift; sourceTree = "<group>"; };
		13C7306B2A76F0A4006FF6FD /* WeatherMUITestsLaunchTests.swift */ = {isa = PBXFileReference; lastKnownFileType = sourcecode.swift; path = WeatherMUITestsLaunchTests.swift; sourceTree = "<group>"; };
		13C7307B2A76F2E2006FF6FD /* MainViewController.swift */ = {isa = PBXFileReference; lastKnownFileType = sourcecode.swift; path = MainViewController.swift; sourceTree = "<group>"; };
		13E8A6DD2A7B9DD500519FDF /* Ubuntu-Bold.ttf */ = {isa = PBXFileReference; lastKnownFileType = file; path = "Ubuntu-Bold.ttf"; sourceTree = "<group>"; };
		13E8A6DE2A7B9DD500519FDF /* Ubuntu-Medium.ttf */ = {isa = PBXFileReference; lastKnownFileType = file; path = "Ubuntu-Medium.ttf"; sourceTree = "<group>"; };
		13F567792A77018D006DF976 /* Ubuntu-Regular.ttf */ = {isa = PBXFileReference; lastKnownFileType = file; path = "Ubuntu-Regular.ttf"; sourceTree = "<group>"; };
		13F5677A2A77018D006DF976 /* Ubuntu-Light.ttf */ = {isa = PBXFileReference; lastKnownFileType = file; path = "Ubuntu-Light.ttf"; sourceTree = "<group>"; };
		13F5677D2A77038F006DF976 /* CustomFonts.swift */ = {isa = PBXFileReference; lastKnownFileType = sourcecode.swift; path = CustomFonts.swift; sourceTree = "<group>"; };
		189368D98F405E009D5B415F /* Pods-WeatherM.debug.xcconfig */ = {isa = PBXFileReference; includeInIndex = 1; lastKnownFileType = text.xcconfig; name = "Pods-WeatherM.debug.xcconfig"; path = "Target Support Files/Pods-WeatherM/Pods-WeatherM.debug.xcconfig"; sourceTree = "<group>"; };
		5F3E80747E895E6679070407 /* Pods_WeatherM_WeatherMUITests.framework */ = {isa = PBXFileReference; explicitFileType = wrapper.framework; includeInIndex = 0; path = Pods_WeatherM_WeatherMUITests.framework; sourceTree = BUILT_PRODUCTS_DIR; };
		6A03CDBD78F478D2D8348353 /* Pods-WeatherMTests.release.xcconfig */ = {isa = PBXFileReference; includeInIndex = 1; lastKnownFileType = text.xcconfig; name = "Pods-WeatherMTests.release.xcconfig"; path = "Target Support Files/Pods-WeatherMTests/Pods-WeatherMTests.release.xcconfig"; sourceTree = "<group>"; };
		8361E9F8677BE39DABE41D0A /* Pods-WeatherM-WeatherMUITests.debug.xcconfig */ = {isa = PBXFileReference; includeInIndex = 1; lastKnownFileType = text.xcconfig; name = "Pods-WeatherM-WeatherMUITests.debug.xcconfig"; path = "Target Support Files/Pods-WeatherM-WeatherMUITests/Pods-WeatherM-WeatherMUITests.debug.xcconfig"; sourceTree = "<group>"; };
		848EAFD9BE3D61EB3B52869D /* Pods-WeatherM-WeatherMUITests.release.xcconfig */ = {isa = PBXFileReference; includeInIndex = 1; lastKnownFileType = text.xcconfig; name = "Pods-WeatherM-WeatherMUITests.release.xcconfig"; path = "Target Support Files/Pods-WeatherM-WeatherMUITests/Pods-WeatherM-WeatherMUITests.release.xcconfig"; sourceTree = "<group>"; };
		895429375DBC332644F12C85 /* Pods-WeatherM.release.xcconfig */ = {isa = PBXFileReference; includeInIndex = 1; lastKnownFileType = text.xcconfig; name = "Pods-WeatherM.release.xcconfig"; path = "Target Support Files/Pods-WeatherM/Pods-WeatherM.release.xcconfig"; sourceTree = "<group>"; };
		AD56645E5820850931320CBF /* Pods_WeatherM.framework */ = {isa = PBXFileReference; explicitFileType = wrapper.framework; includeInIndex = 0; path = Pods_WeatherM.framework; sourceTree = BUILT_PRODUCTS_DIR; };
		DA3152BFEE699F4C6140264E /* Pods_WeatherMTests.framework */ = {isa = PBXFileReference; explicitFileType = wrapper.framework; includeInIndex = 0; path = Pods_WeatherMTests.framework; sourceTree = BUILT_PRODUCTS_DIR; };
		F75FC46CDFB32900D2F3AA4D /* Pods-WeatherMTests.debug.xcconfig */ = {isa = PBXFileReference; includeInIndex = 1; lastKnownFileType = text.xcconfig; name = "Pods-WeatherMTests.debug.xcconfig"; path = "Target Support Files/Pods-WeatherMTests/Pods-WeatherMTests.debug.xcconfig"; sourceTree = "<group>"; };
/* End PBXFileReference section */

/* Begin PBXFrameworksBuildPhase section */
		13C7303F2A76F0A3006FF6FD /* Frameworks */ = {
			isa = PBXFrameworksBuildPhase;
			buildActionMask = 2147483647;
			files = (
				6E091E40640C71CBF3968F0C /* Pods_WeatherM.framework in Frameworks */,
			);
			runOnlyForDeploymentPostprocessing = 0;
		};
		13C730582A76F0A4006FF6FD /* Frameworks */ = {
			isa = PBXFrameworksBuildPhase;
			buildActionMask = 2147483647;
			files = (
				FA85D5C957DEF44995F99708 /* Pods_WeatherMTests.framework in Frameworks */,
			);
			runOnlyForDeploymentPostprocessing = 0;
		};
		13C730622A76F0A4006FF6FD /* Frameworks */ = {
			isa = PBXFrameworksBuildPhase;
			buildActionMask = 2147483647;
			files = (
				88DE6AC9C20E12E6FD78263A /* Pods_WeatherM_WeatherMUITests.framework in Frameworks */,
			);
			runOnlyForDeploymentPostprocessing = 0;
		};
/* End PBXFrameworksBuildPhase section */

/* Begin PBXGroup section */
		13C730392A76F0A3006FF6FD = {
			isa = PBXGroup;
			children = (
				13C730442A76F0A3006FF6FD /* WeatherM */,
				13C7305E2A76F0A4006FF6FD /* WeatherMTests */,
				13C730682A76F0A4006FF6FD /* WeatherMUITests */,
				13C730432A76F0A3006FF6FD /* Products */,
				7D5D80398727AC96DB67BF3A /* Pods */,
				42615997967F05A7E3E1CB81 /* Frameworks */,
			);
			sourceTree = "<group>";
		};
		13C730432A76F0A3006FF6FD /* Products */ = {
			isa = PBXGroup;
			children = (
				13C730422A76F0A3006FF6FD /* WeatherM.app */,
				13C7305B2A76F0A4006FF6FD /* WeatherMTests.xctest */,
				13C730652A76F0A4006FF6FD /* WeatherMUITests.xctest */,
			);
			name = Products;
			sourceTree = "<group>";
		};
		13C730442A76F0A3006FF6FD /* WeatherM */ = {
			isa = PBXGroup;
			children = (
				13C730792A76F1CA006FF6FD /* Application */,
				13C730782A76F1A6006FF6FD /* Controllers */,
				13C730812A76F633006FF6FD /* Views */,
				13C730802A76F60B006FF6FD /* Operations */,
				13C7307F2A76F602006FF6FD /* Models */,
				13C7307A2A76F1DD006FF6FD /* Resources */,
			);
			path = WeatherM;
			sourceTree = "<group>";
		};
		13C7305E2A76F0A4006FF6FD /* WeatherMTests */ = {
			isa = PBXGroup;
			children = (
				13C7305F2A76F0A4006FF6FD /* WeatherMTests.swift */,
			);
			path = WeatherMTests;
			sourceTree = "<group>";
		};
		13C730682A76F0A4006FF6FD /* WeatherMUITests */ = {
			isa = PBXGroup;
			children = (
				13C730692A76F0A4006FF6FD /* WeatherMUITests.swift */,
				13C7306B2A76F0A4006FF6FD /* WeatherMUITestsLaunchTests.swift */,
			);
			path = WeatherMUITests;
			sourceTree = "<group>";
		};
		13C730782A76F1A6006FF6FD /* Controllers */ = {
			isa = PBXGroup;
			children = (
				13C7307B2A76F2E2006FF6FD /* MainViewController.swift */,
			);
			path = Controllers;
			sourceTree = "<group>";
		};
		13C730792A76F1CA006FF6FD /* Application */ = {
			isa = PBXGroup;
			children = (
				13C730452A76F0A3006FF6FD /* AppDelegate.swift */,
				13C730472A76F0A3006FF6FD /* SceneDelegate.swift */,
			);
			path = Application;
			sourceTree = "<group>";
		};
		13C7307A2A76F1DD006FF6FD /* Resources */ = {
			isa = PBXGroup;
			children = (
				13C7307E2A76F5EC006FF6FD /* Fonts */,
				13C7307D2A76F5B1006FF6FD /* Assets */,
				13C730532A76F0A4006FF6FD /* LaunchScreen.storyboard */,
				13C730562A76F0A4006FF6FD /* Info.plist */,
				13C7304E2A76F0A3006FF6FD /* WeatherM.xcdatamodeld */,
			);
			path = Resources;
			sourceTree = "<group>";
		};
		13C7307D2A76F5B1006FF6FD /* Assets */ = {
			isa = PBXGroup;
			children = (
				13C730512A76F0A4006FF6FD /* Assets.xcassets */,
			);
			path = Assets;
			sourceTree = "<group>";
		};
		13C7307E2A76F5EC006FF6FD /* Fonts */ = {
			isa = PBXGroup;
			children = (
				13E8A6DD2A7B9DD500519FDF /* Ubuntu-Bold.ttf */,
				13E8A6DE2A7B9DD500519FDF /* Ubuntu-Medium.ttf */,
				13F5677A2A77018D006DF976 /* Ubuntu-Light.ttf */,
				13F567792A77018D006DF976 /* Ubuntu-Regular.ttf */,
				13F5677D2A77038F006DF976 /* CustomFonts.swift */,
			);
			path = Fonts;
			sourceTree = "<group>";
		};
		13C7307F2A76F602006FF6FD /* Models */ = {
			isa = PBXGroup;
			children = (
			);
			path = Models;
			sourceTree = "<group>";
		};
		13C730802A76F60B006FF6FD /* Operations */ = {
			isa = PBXGroup;
			children = (
			);
			path = Operations;
			sourceTree = "<group>";
		};
		13C730812A76F633006FF6FD /* Views */ = {
			isa = PBXGroup;
			children = (
				13B6BD162A7BF2FB003236E7 /* StoneView.swift */,
			);
			path = Views;
			sourceTree = "<group>";
		};
		42615997967F05A7E3E1CB81 /* Frameworks */ = {
			isa = PBXGroup;
			children = (
				AD56645E5820850931320CBF /* Pods_WeatherM.framework */,
				5F3E80747E895E6679070407 /* Pods_WeatherM_WeatherMUITests.framework */,
				DA3152BFEE699F4C6140264E /* Pods_WeatherMTests.framework */,
			);
			name = Frameworks;
			sourceTree = "<group>";
		};
		7D5D80398727AC96DB67BF3A /* Pods */ = {
			isa = PBXGroup;
			children = (
				189368D98F405E009D5B415F /* Pods-WeatherM.debug.xcconfig */,
				895429375DBC332644F12C85 /* Pods-WeatherM.release.xcconfig */,
				8361E9F8677BE39DABE41D0A /* Pods-WeatherM-WeatherMUITests.debug.xcconfig */,
				848EAFD9BE3D61EB3B52869D /* Pods-WeatherM-WeatherMUITests.release.xcconfig */,
				F75FC46CDFB32900D2F3AA4D /* Pods-WeatherMTests.debug.xcconfig */,
				6A03CDBD78F478D2D8348353 /* Pods-WeatherMTests.release.xcconfig */,
			);
			path = Pods;
			sourceTree = "<group>";
		};
/* End PBXGroup section */

/* Begin PBXNativeTarget section */
		13C730412A76F0A3006FF6FD /* WeatherM */ = {
			isa = PBXNativeTarget;
			buildConfigurationList = 13C7306F2A76F0A4006FF6FD /* Build configuration list for PBXNativeTarget "WeatherM" */;
			buildPhases = (
				D62F17105410778A81890A78 /* [CP] Check Pods Manifest.lock */,
				13C7303E2A76F0A3006FF6FD /* Sources */,
				13C7303F2A76F0A3006FF6FD /* Frameworks */,
				13C730402A76F0A3006FF6FD /* Resources */,
				A2E338D8F453A8602E463FBB /* [CP] Embed Pods Frameworks */,
			);
			buildRules = (
			);
			dependencies = (
			);
			name = WeatherM;
			productName = WeatherM;
			productReference = 13C730422A76F0A3006FF6FD /* WeatherM.app */;
			productType = "com.apple.product-type.application";
		};
		13C7305A2A76F0A4006FF6FD /* WeatherMTests */ = {
			isa = PBXNativeTarget;
			buildConfigurationList = 13C730722A76F0A4006FF6FD /* Build configuration list for PBXNativeTarget "WeatherMTests" */;
			buildPhases = (
				C6F2599C2FD4FFF81534F4A5 /* [CP] Check Pods Manifest.lock */,
				13C730572A76F0A4006FF6FD /* Sources */,
				13C730582A76F0A4006FF6FD /* Frameworks */,
				13C730592A76F0A4006FF6FD /* Resources */,
			);
			buildRules = (
			);
			dependencies = (
				13C7305D2A76F0A4006FF6FD /* PBXTargetDependency */,
			);
			name = WeatherMTests;
			productName = WeatherMTests;
			productReference = 13C7305B2A76F0A4006FF6FD /* WeatherMTests.xctest */;
			productType = "com.apple.product-type.bundle.unit-test";
		};
		13C730642A76F0A4006FF6FD /* WeatherMUITests */ = {
			isa = PBXNativeTarget;
			buildConfigurationList = 13C730752A76F0A4006FF6FD /* Build configuration list for PBXNativeTarget "WeatherMUITests" */;
			buildPhases = (
				4DAF1C868598598500F8EA55 /* [CP] Check Pods Manifest.lock */,
				13C730612A76F0A4006FF6FD /* Sources */,
				13C730622A76F0A4006FF6FD /* Frameworks */,
				13C730632A76F0A4006FF6FD /* Resources */,
				5075E7E2D22EDEF957DAB507 /* [CP] Embed Pods Frameworks */,
			);
			buildRules = (
			);
			dependencies = (
				13C730672A76F0A4006FF6FD /* PBXTargetDependency */,
			);
			name = WeatherMUITests;
			productName = WeatherMUITests;
			productReference = 13C730652A76F0A4006FF6FD /* WeatherMUITests.xctest */;
			productType = "com.apple.product-type.bundle.ui-testing";
		};
/* End PBXNativeTarget section */

/* Begin PBXProject section */
		13C7303A2A76F0A3006FF6FD /* Project object */ = {
			isa = PBXProject;
			attributes = {
				BuildIndependentTargetsInParallel = 1;
				LastSwiftUpdateCheck = 1430;
				LastUpgradeCheck = 1430;
				TargetAttributes = {
					13C730412A76F0A3006FF6FD = {
						CreatedOnToolsVersion = 14.3.1;
					};
					13C7305A2A76F0A4006FF6FD = {
						CreatedOnToolsVersion = 14.3.1;
						TestTargetID = 13C730412A76F0A3006FF6FD;
					};
					13C730642A76F0A4006FF6FD = {
						CreatedOnToolsVersion = 14.3.1;
						TestTargetID = 13C730412A76F0A3006FF6FD;
					};
				};
			};
			buildConfigurationList = 13C7303D2A76F0A3006FF6FD /* Build configuration list for PBXProject "WeatherM" */;
			compatibilityVersion = "Xcode 14.0";
			developmentRegion = en;
			hasScannedForEncodings = 0;
			knownRegions = (
				en,
				Base,
			);
			mainGroup = 13C730392A76F0A3006FF6FD;
			productRefGroup = 13C730432A76F0A3006FF6FD /* Products */;
			projectDirPath = "";
			projectRoot = "";
			targets = (
				13C730412A76F0A3006FF6FD /* WeatherM */,
				13C7305A2A76F0A4006FF6FD /* WeatherMTests */,
				13C730642A76F0A4006FF6FD /* WeatherMUITests */,
			);
		};
/* End PBXProject section */

/* Begin PBXResourcesBuildPhase section */
		13C730402A76F0A3006FF6FD /* Resources */ = {
			isa = PBXResourcesBuildPhase;
			buildActionMask = 2147483647;
			files = (
				13E8A6DF2A7B9DD500519FDF /* Ubuntu-Bold.ttf in Resources */,
				13F5677C2A77018D006DF976 /* Ubuntu-Light.ttf in Resources */,
				13E8A6E02A7B9DD500519FDF /* Ubuntu-Medium.ttf in Resources */,
				13F5677B2A77018D006DF976 /* Ubuntu-Regular.ttf in Resources */,
				13C730552A76F0A4006FF6FD /* LaunchScreen.storyboard in Resources */,
				13C730522A76F0A4006FF6FD /* Assets.xcassets in Resources */,
			);
			runOnlyForDeploymentPostprocessing = 0;
		};
		13C730592A76F0A4006FF6FD /* Resources */ = {
			isa = PBXResourcesBuildPhase;
			buildActionMask = 2147483647;
			files = (
			);
			runOnlyForDeploymentPostprocessing = 0;
		};
		13C730632A76F0A4006FF6FD /* Resources */ = {
			isa = PBXResourcesBuildPhase;
			buildActionMask = 2147483647;
			files = (
			);
			runOnlyForDeploymentPostprocessing = 0;
		};
/* End PBXResourcesBuildPhase section */

/* Begin PBXShellScriptBuildPhase section */
		4DAF1C868598598500F8EA55 /* [CP] Check Pods Manifest.lock */ = {
			isa = PBXShellScriptBuildPhase;
			buildActionMask = 2147483647;
			files = (
			);
			inputFileListPaths = (
			);
			inputPaths = (
				"${PODS_PODFILE_DIR_PATH}/Podfile.lock",
				"${PODS_ROOT}/Manifest.lock",
			);
			name = "[CP] Check Pods Manifest.lock";
			outputFileListPaths = (
			);
			outputPaths = (
				"$(DERIVED_FILE_DIR)/Pods-WeatherM-WeatherMUITests-checkManifestLockResult.txt",
			);
			runOnlyForDeploymentPostprocessing = 0;
			shellPath = /bin/sh;
			shellScript = "diff \"${PODS_PODFILE_DIR_PATH}/Podfile.lock\" \"${PODS_ROOT}/Manifest.lock\" > /dev/null\nif [ $? != 0 ] ; then\n    # print error to STDERR\n    echo \"error: The sandbox is not in sync with the Podfile.lock. Run 'pod install' or update your CocoaPods installation.\" >&2\n    exit 1\nfi\n# This output is used by Xcode 'outputs' to avoid re-running this script phase.\necho \"SUCCESS\" > \"${SCRIPT_OUTPUT_FILE_0}\"\n";
			showEnvVarsInLog = 0;
		};
		5075E7E2D22EDEF957DAB507 /* [CP] Embed Pods Frameworks */ = {
			isa = PBXShellScriptBuildPhase;
			buildActionMask = 2147483647;
			files = (
			);
			inputFileListPaths = (
				"${PODS_ROOT}/Target Support Files/Pods-WeatherM-WeatherMUITests/Pods-WeatherM-WeatherMUITests-frameworks-${CONFIGURATION}-input-files.xcfilelist",
			);
			name = "[CP] Embed Pods Frameworks";
			outputFileListPaths = (
				"${PODS_ROOT}/Target Support Files/Pods-WeatherM-WeatherMUITests/Pods-WeatherM-WeatherMUITests-frameworks-${CONFIGURATION}-output-files.xcfilelist",
			);
			runOnlyForDeploymentPostprocessing = 0;
			shellPath = /bin/sh;
			shellScript = "\"${PODS_ROOT}/Target Support Files/Pods-WeatherM-WeatherMUITests/Pods-WeatherM-WeatherMUITests-frameworks.sh\"\n";
			showEnvVarsInLog = 0;
		};
		A2E338D8F453A8602E463FBB /* [CP] Embed Pods Frameworks */ = {
			isa = PBXShellScriptBuildPhase;
			buildActionMask = 2147483647;
			files = (
			);
			inputFileListPaths = (
				"${PODS_ROOT}/Target Support Files/Pods-WeatherM/Pods-WeatherM-frameworks-${CONFIGURATION}-input-files.xcfilelist",
			);
			name = "[CP] Embed Pods Frameworks";
			outputFileListPaths = (
				"${PODS_ROOT}/Target Support Files/Pods-WeatherM/Pods-WeatherM-frameworks-${CONFIGURATION}-output-files.xcfilelist",
			);
			runOnlyForDeploymentPostprocessing = 0;
			shellPath = /bin/sh;
			shellScript = "\"${PODS_ROOT}/Target Support Files/Pods-WeatherM/Pods-WeatherM-frameworks.sh\"\n";
			showEnvVarsInLog = 0;
		};
		C6F2599C2FD4FFF81534F4A5 /* [CP] Check Pods Manifest.lock */ = {
			isa = PBXShellScriptBuildPhase;
			buildActionMask = 2147483647;
			files = (
			);
			inputFileListPaths = (
			);
			inputPaths = (
				"${PODS_PODFILE_DIR_PATH}/Podfile.lock",
				"${PODS_ROOT}/Manifest.lock",
			);
			name = "[CP] Check Pods Manifest.lock";
			outputFileListPaths = (
			);
			outputPaths = (
				"$(DERIVED_FILE_DIR)/Pods-WeatherMTests-checkManifestLockResult.txt",
			);
			runOnlyForDeploymentPostprocessing = 0;
			shellPath = /bin/sh;
			shellScript = "diff \"${PODS_PODFILE_DIR_PATH}/Podfile.lock\" \"${PODS_ROOT}/Manifest.lock\" > /dev/null\nif [ $? != 0 ] ; then\n    # print error to STDERR\n    echo \"error: The sandbox is not in sync with the Podfile.lock. Run 'pod install' or update your CocoaPods installation.\" >&2\n    exit 1\nfi\n# This output is used by Xcode 'outputs' to avoid re-running this script phase.\necho \"SUCCESS\" > \"${SCRIPT_OUTPUT_FILE_0}\"\n";
			showEnvVarsInLog = 0;
		};
		D62F17105410778A81890A78 /* [CP] Check Pods Manifest.lock */ = {
			isa = PBXShellScriptBuildPhase;
			buildActionMask = 2147483647;
			files = (
			);
			inputFileListPaths = (
			);
			inputPaths = (
				"${PODS_PODFILE_DIR_PATH}/Podfile.lock",
				"${PODS_ROOT}/Manifest.lock",
			);
			name = "[CP] Check Pods Manifest.lock";
			outputFileListPaths = (
			);
			outputPaths = (
				"$(DERIVED_FILE_DIR)/Pods-WeatherM-checkManifestLockResult.txt",
			);
			runOnlyForDeploymentPostprocessing = 0;
			shellPath = /bin/sh;
			shellScript = "diff \"${PODS_PODFILE_DIR_PATH}/Podfile.lock\" \"${PODS_ROOT}/Manifest.lock\" > /dev/null\nif [ $? != 0 ] ; then\n    # print error to STDERR\n    echo \"error: The sandbox is not in sync with the Podfile.lock. Run 'pod install' or update your CocoaPods installation.\" >&2\n    exit 1\nfi\n# This output is used by Xcode 'outputs' to avoid re-running this script phase.\necho \"SUCCESS\" > \"${SCRIPT_OUTPUT_FILE_0}\"\n";
			showEnvVarsInLog = 0;
		};
/* End PBXShellScriptBuildPhase section */

/* Begin PBXSourcesBuildPhase section */
		13C7303E2A76F0A3006FF6FD /* Sources */ = {
			isa = PBXSourcesBuildPhase;
			buildActionMask = 2147483647;
			files = (
				13C7307C2A76F2E2006FF6FD /* MainViewController.swift in Sources */,
				13C730462A76F0A3006FF6FD /* AppDelegate.swift in Sources */,
				13F5677E2A77038F006DF976 /* CustomFonts.swift in Sources */,
				13C730502A76F0A3006FF6FD /* WeatherM.xcdatamodeld in Sources */,
				13B6BD172A7BF2FB003236E7 /* StoneView.swift in Sources */,
				13C730482A76F0A3006FF6FD /* SceneDelegate.swift in Sources */,
			);
			runOnlyForDeploymentPostprocessing = 0;
		};
		13C730572A76F0A4006FF6FD /* Sources */ = {
			isa = PBXSourcesBuildPhase;
			buildActionMask = 2147483647;
			files = (
				13C730602A76F0A4006FF6FD /* WeatherMTests.swift in Sources */,
			);
			runOnlyForDeploymentPostprocessing = 0;
		};
		13C730612A76F0A4006FF6FD /* Sources */ = {
			isa = PBXSourcesBuildPhase;
			buildActionMask = 2147483647;
			files = (
				13C7306C2A76F0A4006FF6FD /* WeatherMUITestsLaunchTests.swift in Sources */,
				13C7306A2A76F0A4006FF6FD /* WeatherMUITests.swift in Sources */,
			);
			runOnlyForDeploymentPostprocessing = 0;
		};
/* End PBXSourcesBuildPhase section */

/* Begin PBXTargetDependency section */
		13C7305D2A76F0A4006FF6FD /* PBXTargetDependency */ = {
			isa = PBXTargetDependency;
			target = 13C730412A76F0A3006FF6FD /* WeatherM */;
			targetProxy = 13C7305C2A76F0A4006FF6FD /* PBXContainerItemProxy */;
		};
		13C730672A76F0A4006FF6FD /* PBXTargetDependency */ = {
			isa = PBXTargetDependency;
			target = 13C730412A76F0A3006FF6FD /* WeatherM */;
			targetProxy = 13C730662A76F0A4006FF6FD /* PBXContainerItemProxy */;
		};
/* End PBXTargetDependency section */

/* Begin PBXVariantGroup section */
		13C730532A76F0A4006FF6FD /* LaunchScreen.storyboard */ = {
			isa = PBXVariantGroup;
			children = (
				13C730542A76F0A4006FF6FD /* Base */,
			);
			name = LaunchScreen.storyboard;
			sourceTree = "<group>";
		};
/* End PBXVariantGroup section */

/* Begin XCBuildConfiguration section */
		13C7306D2A76F0A4006FF6FD /* Debug */ = {
			isa = XCBuildConfiguration;
			buildSettings = {
				ALWAYS_SEARCH_USER_PATHS = NO;
				CLANG_ANALYZER_NONNULL = YES;
				CLANG_ANALYZER_NUMBER_OBJECT_CONVERSION = YES_AGGRESSIVE;
				CLANG_CXX_LANGUAGE_STANDARD = "gnu++20";
				CLANG_ENABLE_MODULES = YES;
				CLANG_ENABLE_OBJC_ARC = YES;
				CLANG_ENABLE_OBJC_WEAK = YES;
				CLANG_WARN_BLOCK_CAPTURE_AUTORELEASING = YES;
				CLANG_WARN_BOOL_CONVERSION = YES;
				CLANG_WARN_COMMA = YES;
				CLANG_WARN_CONSTANT_CONVERSION = YES;
				CLANG_WARN_DEPRECATED_OBJC_IMPLEMENTATIONS = YES;
				CLANG_WARN_DIRECT_OBJC_ISA_USAGE = YES_ERROR;
				CLANG_WARN_DOCUMENTATION_COMMENTS = YES;
				CLANG_WARN_EMPTY_BODY = YES;
				CLANG_WARN_ENUM_CONVERSION = YES;
				CLANG_WARN_INFINITE_RECURSION = YES;
				CLANG_WARN_INT_CONVERSION = YES;
				CLANG_WARN_NON_LITERAL_NULL_CONVERSION = YES;
				CLANG_WARN_OBJC_IMPLICIT_RETAIN_SELF = YES;
				CLANG_WARN_OBJC_LITERAL_CONVERSION = YES;
				CLANG_WARN_OBJC_ROOT_CLASS = YES_ERROR;
				CLANG_WARN_QUOTED_INCLUDE_IN_FRAMEWORK_HEADER = YES;
				CLANG_WARN_RANGE_LOOP_ANALYSIS = YES;
				CLANG_WARN_STRICT_PROTOTYPES = YES;
				CLANG_WARN_SUSPICIOUS_MOVE = YES;
				CLANG_WARN_UNGUARDED_AVAILABILITY = YES_AGGRESSIVE;
				CLANG_WARN_UNREACHABLE_CODE = YES;
				CLANG_WARN__DUPLICATE_METHOD_MATCH = YES;
				COPY_PHASE_STRIP = NO;
				DEBUG_INFORMATION_FORMAT = dwarf;
				ENABLE_STRICT_OBJC_MSGSEND = YES;
				ENABLE_TESTABILITY = YES;
				GCC_C_LANGUAGE_STANDARD = gnu11;
				GCC_DYNAMIC_NO_PIC = NO;
				GCC_NO_COMMON_BLOCKS = YES;
				GCC_OPTIMIZATION_LEVEL = 0;
				GCC_PREPROCESSOR_DEFINITIONS = (
					"DEBUG=1",
					"$(inherited)",
				);
				GCC_WARN_64_TO_32_BIT_CONVERSION = YES;
				GCC_WARN_ABOUT_RETURN_TYPE = YES_ERROR;
				GCC_WARN_UNDECLARED_SELECTOR = YES;
				GCC_WARN_UNINITIALIZED_AUTOS = YES_AGGRESSIVE;
				GCC_WARN_UNUSED_FUNCTION = YES;
				GCC_WARN_UNUSED_VARIABLE = YES;
				IPHONEOS_DEPLOYMENT_TARGET = 13.0;
				MTL_ENABLE_DEBUG_INFO = INCLUDE_SOURCE;
				MTL_FAST_MATH = YES;
				ONLY_ACTIVE_ARCH = YES;
				SDKROOT = iphoneos;
				SWIFT_ACTIVE_COMPILATION_CONDITIONS = DEBUG;
				SWIFT_OPTIMIZATION_LEVEL = "-Onone";
			};
			name = Debug;
		};
		13C7306E2A76F0A4006FF6FD /* Release */ = {
			isa = XCBuildConfiguration;
			buildSettings = {
				ALWAYS_SEARCH_USER_PATHS = NO;
				CLANG_ANALYZER_NONNULL = YES;
				CLANG_ANALYZER_NUMBER_OBJECT_CONVERSION = YES_AGGRESSIVE;
				CLANG_CXX_LANGUAGE_STANDARD = "gnu++20";
				CLANG_ENABLE_MODULES = YES;
				CLANG_ENABLE_OBJC_ARC = YES;
				CLANG_ENABLE_OBJC_WEAK = YES;
				CLANG_WARN_BLOCK_CAPTURE_AUTORELEASING = YES;
				CLANG_WARN_BOOL_CONVERSION = YES;
				CLANG_WARN_COMMA = YES;
				CLANG_WARN_CONSTANT_CONVERSION = YES;
				CLANG_WARN_DEPRECATED_OBJC_IMPLEMENTATIONS = YES;
				CLANG_WARN_DIRECT_OBJC_ISA_USAGE = YES_ERROR;
				CLANG_WARN_DOCUMENTATION_COMMENTS = YES;
				CLANG_WARN_EMPTY_BODY = YES;
				CLANG_WARN_ENUM_CONVERSION = YES;
				CLANG_WARN_INFINITE_RECURSION = YES;
				CLANG_WARN_INT_CONVERSION = YES;
				CLANG_WARN_NON_LITERAL_NULL_CONVERSION = YES;
				CLANG_WARN_OBJC_IMPLICIT_RETAIN_SELF = YES;
				CLANG_WARN_OBJC_LITERAL_CONVERSION = YES;
				CLANG_WARN_OBJC_ROOT_CLASS = YES_ERROR;
				CLANG_WARN_QUOTED_INCLUDE_IN_FRAMEWORK_HEADER = YES;
				CLANG_WARN_RANGE_LOOP_ANALYSIS = YES;
				CLANG_WARN_STRICT_PROTOTYPES = YES;
				CLANG_WARN_SUSPICIOUS_MOVE = YES;
				CLANG_WARN_UNGUARDED_AVAILABILITY = YES_AGGRESSIVE;
				CLANG_WARN_UNREACHABLE_CODE = YES;
				CLANG_WARN__DUPLICATE_METHOD_MATCH = YES;
				COPY_PHASE_STRIP = NO;
				DEBUG_INFORMATION_FORMAT = "dwarf-with-dsym";
				ENABLE_NS_ASSERTIONS = NO;
				ENABLE_STRICT_OBJC_MSGSEND = YES;
				GCC_C_LANGUAGE_STANDARD = gnu11;
				GCC_NO_COMMON_BLOCKS = YES;
				GCC_WARN_64_TO_32_BIT_CONVERSION = YES;
				GCC_WARN_ABOUT_RETURN_TYPE = YES_ERROR;
				GCC_WARN_UNDECLARED_SELECTOR = YES;
				GCC_WARN_UNINITIALIZED_AUTOS = YES_AGGRESSIVE;
				GCC_WARN_UNUSED_FUNCTION = YES;
				GCC_WARN_UNUSED_VARIABLE = YES;
				IPHONEOS_DEPLOYMENT_TARGET = 13.0;
				MTL_ENABLE_DEBUG_INFO = NO;
				MTL_FAST_MATH = YES;
				SDKROOT = iphoneos;
				SWIFT_COMPILATION_MODE = wholemodule;
				SWIFT_OPTIMIZATION_LEVEL = "-O";
				VALIDATE_PRODUCT = YES;
			};
			name = Release;
		};
		13C730702A76F0A4006FF6FD /* Debug */ = {
			isa = XCBuildConfiguration;
			baseConfigurationReference = 189368D98F405E009D5B415F /* Pods-WeatherM.debug.xcconfig */;
			buildSettings = {
				ASSETCATALOG_COMPILER_APPICON_NAME = AppIcon;
				ASSETCATALOG_COMPILER_GLOBAL_ACCENT_COLOR_NAME = AccentColor;
				CODE_SIGN_STYLE = Automatic;
				CURRENT_PROJECT_VERSION = 1;
				GENERATE_INFOPLIST_FILE = YES;
				INFOPLIST_FILE = WeatherM/Resources/Info.plist;
				INFOPLIST_KEY_LSApplicationCategoryType = "public.app-category.weather";
				INFOPLIST_KEY_UIApplicationSupportsIndirectInputEvents = YES;
				INFOPLIST_KEY_UILaunchStoryboardName = LaunchScreen;
				INFOPLIST_KEY_UIMainStoryboardFile = "";
				INFOPLIST_KEY_UISupportedInterfaceOrientations = UIInterfaceOrientationPortrait;
				INFOPLIST_KEY_UISupportedInterfaceOrientations_iPad = "UIInterfaceOrientationLandscapeLeft UIInterfaceOrientationLandscapeRight UIInterfaceOrientationPortrait UIInterfaceOrientationPortraitUpsideDown";
				IPHONEOS_DEPLOYMENT_TARGET = 13.0;
				LD_RUNPATH_SEARCH_PATHS = (
					"$(inherited)",
					"@executable_path/Frameworks",
				);
				MARKETING_VERSION = 1.0;
				PRODUCT_BUNDLE_IDENTIFIER = code.WeatherM;
				PRODUCT_NAME = "$(TARGET_NAME)";
				SUPPORTED_PLATFORMS = "iphoneos iphonesimulator";
				SUPPORTS_MACCATALYST = NO;
				SUPPORTS_MAC_DESIGNED_FOR_IPHONE_IPAD = NO;
				SWIFT_EMIT_LOC_STRINGS = YES;
				SWIFT_VERSION = 5.0;
				TARGETED_DEVICE_FAMILY = 1;
			};
			name = Debug;
		};
		13C730712A76F0A4006FF6FD /* Release */ = {
			isa = XCBuildConfiguration;
			baseConfigurationReference = 895429375DBC332644F12C85 /* Pods-WeatherM.release.xcconfig */;
			buildSettings = {
				ASSETCATALOG_COMPILER_APPICON_NAME = AppIcon;
				ASSETCATALOG_COMPILER_GLOBAL_ACCENT_COLOR_NAME = AccentColor;
				CODE_SIGN_STYLE = Automatic;
				CURRENT_PROJECT_VERSION = 1;
				GENERATE_INFOPLIST_FILE = YES;
				INFOPLIST_FILE = WeatherM/Resources/Info.plist;
				INFOPLIST_KEY_LSApplicationCategoryType = "public.app-category.weather";
				INFOPLIST_KEY_UIApplicationSupportsIndirectInputEvents = YES;
				INFOPLIST_KEY_UILaunchStoryboardName = LaunchScreen;
				INFOPLIST_KEY_UIMainStoryboardFile = "";
				INFOPLIST_KEY_UISupportedInterfaceOrientations = UIInterfaceOrientationPortrait;
				INFOPLIST_KEY_UISupportedInterfaceOrientations_iPad = "UIInterfaceOrientationLandscapeLeft UIInterfaceOrientationLandscapeRight UIInterfaceOrientationPortrait UIInterfaceOrientationPortraitUpsideDown";
				IPHONEOS_DEPLOYMENT_TARGET = 13.0;
				LD_RUNPATH_SEARCH_PATHS = (
					"$(inherited)",
					"@executable_path/Frameworks",
				);
				MARKETING_VERSION = 1.0;
				PRODUCT_BUNDLE_IDENTIFIER = code.WeatherM;
				PRODUCT_NAME = "$(TARGET_NAME)";
				SUPPORTED_PLATFORMS = "iphoneos iphonesimulator";
				SUPPORTS_MACCATALYST = NO;
				SUPPORTS_MAC_DESIGNED_FOR_IPHONE_IPAD = NO;
				SWIFT_EMIT_LOC_STRINGS = YES;
				SWIFT_VERSION = 5.0;
				TARGETED_DEVICE_FAMILY = 1;
			};
			name = Release;
		};
		13C730732A76F0A4006FF6FD /* Debug */ = {
			isa = XCBuildConfiguration;
			baseConfigurationReference = F75FC46CDFB32900D2F3AA4D /* Pods-WeatherMTests.debug.xcconfig */;
			buildSettings = {
				ALWAYS_EMBED_SWIFT_STANDARD_LIBRARIES = YES;
				BUNDLE_LOADER = "$(TEST_HOST)";
				CODE_SIGN_STYLE = Automatic;
				CURRENT_PROJECT_VERSION = 1;
				GENERATE_INFOPLIST_FILE = YES;
				IPHONEOS_DEPLOYMENT_TARGET = 13.0;
				MARKETING_VERSION = 1.0;
				PRODUCT_BUNDLE_IDENTIFIER = code.WeatherMTests;
				PRODUCT_NAME = "$(TARGET_NAME)";
				SUPPORTED_PLATFORMS = "iphoneos iphonesimulator";
				SUPPORTS_MACCATALYST = NO;
				SUPPORTS_MAC_DESIGNED_FOR_IPHONE_IPAD = NO;
				SWIFT_EMIT_LOC_STRINGS = NO;
				SWIFT_VERSION = 5.0;
				TARGETED_DEVICE_FAMILY = 1;
				TEST_HOST = "$(BUILT_PRODUCTS_DIR)/WeatherM.app/$(BUNDLE_EXECUTABLE_FOLDER_PATH)/WeatherM";
			};
			name = Debug;
		};
		13C730742A76F0A4006FF6FD /* Release */ = {
			isa = XCBuildConfiguration;
			baseConfigurationReference = 6A03CDBD78F478D2D8348353 /* Pods-WeatherMTests.release.xcconfig */;
			buildSettings = {
				ALWAYS_EMBED_SWIFT_STANDARD_LIBRARIES = YES;
				BUNDLE_LOADER = "$(TEST_HOST)";
				CODE_SIGN_STYLE = Automatic;
				CURRENT_PROJECT_VERSION = 1;
				GENERATE_INFOPLIST_FILE = YES;
				IPHONEOS_DEPLOYMENT_TARGET = 13.0;
				MARKETING_VERSION = 1.0;
				PRODUCT_BUNDLE_IDENTIFIER = code.WeatherMTests;
				PRODUCT_NAME = "$(TARGET_NAME)";
				SUPPORTED_PLATFORMS = "iphoneos iphonesimulator";
				SUPPORTS_MACCATALYST = NO;
				SUPPORTS_MAC_DESIGNED_FOR_IPHONE_IPAD = NO;
				SWIFT_EMIT_LOC_STRINGS = NO;
				SWIFT_VERSION = 5.0;
				TARGETED_DEVICE_FAMILY = 1;
				TEST_HOST = "$(BUILT_PRODUCTS_DIR)/WeatherM.app/$(BUNDLE_EXECUTABLE_FOLDER_PATH)/WeatherM";
			};
			name = Release;
		};
		13C730762A76F0A4006FF6FD /* Debug */ = {
			isa = XCBuildConfiguration;
			baseConfigurationReference = 8361E9F8677BE39DABE41D0A /* Pods-WeatherM-WeatherMUITests.debug.xcconfig */;
			buildSettings = {
				ALWAYS_EMBED_SWIFT_STANDARD_LIBRARIES = YES;
				CODE_SIGN_STYLE = Automatic;
				CURRENT_PROJECT_VERSION = 1;
				GENERATE_INFOPLIST_FILE = YES;
				MARKETING_VERSION = 1.0;
				PRODUCT_BUNDLE_IDENTIFIER = code.WeatherMUITests;
				PRODUCT_NAME = "$(TARGET_NAME)";
				SUPPORTED_PLATFORMS = "iphoneos iphonesimulator";
				SUPPORTS_MACCATALYST = NO;
				SUPPORTS_MAC_DESIGNED_FOR_IPHONE_IPAD = NO;
				SWIFT_EMIT_LOC_STRINGS = NO;
				SWIFT_VERSION = 5.0;
				TARGETED_DEVICE_FAMILY = 1;
				TEST_TARGET_NAME = WeatherM;
			};
			name = Debug;
		};
		13C730772A76F0A4006FF6FD /* Release */ = {
			isa = XCBuildConfiguration;
			baseConfigurationReference = 848EAFD9BE3D61EB3B52869D /* Pods-WeatherM-WeatherMUITests.release.xcconfig */;
			buildSettings = {
				ALWAYS_EMBED_SWIFT_STANDARD_LIBRARIES = YES;
				CODE_SIGN_STYLE = Automatic;
				CURRENT_PROJECT_VERSION = 1;
				GENERATE_INFOPLIST_FILE = YES;
				MARKETING_VERSION = 1.0;
				PRODUCT_BUNDLE_IDENTIFIER = code.WeatherMUITests;
				PRODUCT_NAME = "$(TARGET_NAME)";
				SUPPORTED_PLATFORMS = "iphoneos iphonesimulator";
				SUPPORTS_MACCATALYST = NO;
				SUPPORTS_MAC_DESIGNED_FOR_IPHONE_IPAD = NO;
				SWIFT_EMIT_LOC_STRINGS = NO;
				SWIFT_VERSION = 5.0;
				TARGETED_DEVICE_FAMILY = 1;
				TEST_TARGET_NAME = WeatherM;
			};
			name = Release;
		};
/* End XCBuildConfiguration section */

/* Begin XCConfigurationList section */
		13C7303D2A76F0A3006FF6FD /* Build configuration list for PBXProject "WeatherM" */ = {
			isa = XCConfigurationList;
			buildConfigurations = (
				13C7306D2A76F0A4006FF6FD /* Debug */,
				13C7306E2A76F0A4006FF6FD /* Release */,
			);
			defaultConfigurationIsVisible = 0;
			defaultConfigurationName = Release;
		};
		13C7306F2A76F0A4006FF6FD /* Build configuration list for PBXNativeTarget "WeatherM" */ = {
			isa = XCConfigurationList;
			buildConfigurations = (
				13C730702A76F0A4006FF6FD /* Debug */,
				13C730712A76F0A4006FF6FD /* Release */,
			);
			defaultConfigurationIsVisible = 0;
			defaultConfigurationName = Release;
		};
		13C730722A76F0A4006FF6FD /* Build configuration list for PBXNativeTarget "WeatherMTests" */ = {
			isa = XCConfigurationList;
			buildConfigurations = (
				13C730732A76F0A4006FF6FD /* Debug */,
				13C730742A76F0A4006FF6FD /* Release */,
			);
			defaultConfigurationIsVisible = 0;
			defaultConfigurationName = Release;
		};
		13C730752A76F0A4006FF6FD /* Build configuration list for PBXNativeTarget "WeatherMUITests" */ = {
			isa = XCConfigurationList;
			buildConfigurations = (
				13C730762A76F0A4006FF6FD /* Debug */,
				13C730772A76F0A4006FF6FD /* Release */,
			);
			defaultConfigurationIsVisible = 0;
			defaultConfigurationName = Release;
		};
/* End XCConfigurationList section */

/* Begin XCVersionGroup section */
		13C7304E2A76F0A3006FF6FD /* WeatherM.xcdatamodeld */ = {
			isa = XCVersionGroup;
			children = (
				13C7304F2A76F0A3006FF6FD /* WeatherM.xcdatamodel */,
			);
			currentVersion = 13C7304F2A76F0A3006FF6FD /* WeatherM.xcdatamodel */;
			path = WeatherM.xcdatamodeld;
			sourceTree = "<group>";
			versionGroupType = wrapper.xcdatamodel;
		};
/* End XCVersionGroup section */
	};
	rootObject = 13C7303A2A76F0A3006FF6FD /* Project object */;
}
