// !$*UTF8*$!
{
	archiveVersion = 1;
	classes = {
	};
	objectVersion = 56;
	objects = {

/* Begin PBXBuildFile section */
		13C730462A76F0A3006FF6FD /* AppDelegate.swift in Sources */ = {isa = PBXBuildFile; fileRef = 13C730452A76F0A3006FF6FD /* AppDelegate.swift */; };
		13C730482A76F0A3006FF6FD /* SceneDelegate.swift in Sources */ = {isa = PBXBuildFile; fileRef = 13C730472A76F0A3006FF6FD /* SceneDelegate.swift */; };
		13C7304A2A76F0A3006FF6FD /* ViewController.swift in Sources */ = {isa = PBXBuildFile; fileRef = 13C730492A76F0A3006FF6FD /* ViewController.swift */; };
		13C7304D2A76F0A3006FF6FD /* Main.storyboard in Resources */ = {isa = PBXBuildFile; fileRef = 13C7304B2A76F0A3006FF6FD /* Main.storyboard */; };
		13C730502A76F0A3006FF6FD /* WeatherM.xcdatamodeld in Sources */ = {isa = PBXBuildFile; fileRef = 13C7304E2A76F0A3006FF6FD /* WeatherM.xcdatamodeld */; };
		13C730522A76F0A4006FF6FD /* Assets.xcassets in Resources */ = {isa = PBXBuildFile; fileRef = 13C730512A76F0A4006FF6FD /* Assets.xcassets */; };
		13C730552A76F0A4006FF6FD /* LaunchScreen.storyboard in Resources */ = {isa = PBXBuildFile; fileRef = 13C730532A76F0A4006FF6FD /* LaunchScreen.storyboard */; };
		13C730602A76F0A4006FF6FD /* WeatherMTests.swift in Sources */ = {isa = PBXBuildFile; fileRef = 13C7305F2A76F0A4006FF6FD /* WeatherMTests.swift */; };
		13C7306A2A76F0A4006FF6FD /* WeatherMUITests.swift in Sources */ = {isa = PBXBuildFile; fileRef = 13C730692A76F0A4006FF6FD /* WeatherMUITests.swift */; };
		13C7306C2A76F0A4006FF6FD /* WeatherMUITestsLaunchTests.swift in Sources */ = {isa = PBXBuildFile; fileRef = 13C7306B2A76F0A4006FF6FD /* WeatherMUITestsLaunchTests.swift */; };
/* End PBXBuildFile section */

/* Begin PBXContainerItemProxy section */
		13C7305C2A76F0A4006FF6FD /* PBXContainerItemProxy */ = {
			isa = PBXContainerItemProxy;
			containerPortal = 13C7303A2A76F0A3006FF6FD /* Project object */;
			proxyType = 1;
			remoteGlobalIDString = 13C730412A76F0A3006FF6FD;
			remoteInfo = WeatherM;
		};
		13C730662A76F0A4006FF6FD /* PBXContainerItemProxy */ = {
			isa = PBXContainerItemProxy;
			containerPortal = 13C7303A2A76F0A3006FF6FD /* Project object */;
			proxyType = 1;
			remoteGlobalIDString = 13C730412A76F0A3006FF6FD;
			remoteInfo = WeatherM;
		};
/* End PBXContainerItemProxy section */

/* Begin PBXFileReference section */
		13C730422A76F0A3006FF6FD /* WeatherM.app */ = {isa = PBXFileReference; explicitFileType = wrapper.application; includeInIndex = 0; path = WeatherM.app; sourceTree = BUILT_PRODUCTS_DIR; };
		13C730452A76F0A3006FF6FD /* AppDelegate.swift */ = {isa = PBXFileReference; lastKnownFileType = sourcecode.swift; path = AppDelegate.swift; sourceTree = "<group>"; };
		13C730472A76F0A3006FF6FD /* SceneDelegate.swift */ = {isa = PBXFileReference; lastKnownFileType = sourcecode.swift; path = SceneDelegate.swift; sourceTree = "<group>"; };
		13C730492A76F0A3006FF6FD /* ViewController.swift */ = {isa = PBXFileReference; lastKnownFileType = sourcecode.swift; path = ViewController.swift; sourceTree = "<group>"; };
		13C7304C2A76F0A3006FF6FD /* Base */ = {isa = PBXFileReference; lastKnownFileType = file.storyboard; name = Base; path = Base.lproj/Main.storyboard; sourceTree = "<group>"; };
		13C7304F2A76F0A3006FF6FD /* WeatherM.xcdatamodel */ = {isa = PBXFileReference; lastKnownFileType = wrapper.xcdatamodel; path = WeatherM.xcdatamodel; sourceTree = "<group>"; };
		13C730512A76F0A4006FF6FD /* Assets.xcassets */ = {isa = PBXFileReference; lastKnownFileType = folder.assetcatalog; path = Assets.xcassets; sourceTree = "<group>"; };
		13C730542A76F0A4006FF6FD /* Base */ = {isa = PBXFileReference; lastKnownFileType = file.storyboard; name = Base; path = Base.lproj/LaunchScreen.storyboard; sourceTree = "<group>"; };
		13C730562A76F0A4006FF6FD /* Info.plist */ = {isa = PBXFileReference; lastKnownFileType = text.plist.xml; path = Info.plist; sourceTree = "<group>"; };
		13C7305B2A76F0A4006FF6FD /* WeatherMTests.xctest */ = {isa = PBXFileReference; explicitFileType = wrapper.cfbundle; includeInIndex = 0; path = WeatherMTests.xctest; sourceTree = BUILT_PRODUCTS_DIR; };
		13C7305F2A76F0A4006FF6FD /* WeatherMTests.swift */ = {isa = PBXFileReference; lastKnownFileType = sourcecode.swift; path = WeatherMTests.swift; sourceTree = "<group>"; };
		13C730652A76F0A4006FF6FD /* WeatherMUITests.xctest */ = {isa = PBXFileReference; explicitFileType = wrapper.cfbundle; includeInIndex = 0; path = WeatherMUITests.xctest; sourceTree = BUILT_PRODUCTS_DIR; };
		13C730692A76F0A4006FF6FD /* WeatherMUITests.swift */ = {isa = PBXFileReference; lastKnownFileType = sourcecode.swift; path = WeatherMUITests.swift; sourceTree = "<group>"; };
		13C7306B2A76F0A4006FF6FD /* WeatherMUITestsLaunchTests.swift */ = {isa = PBXFileReference; lastKnownFileType = sourcecode.swift; path = WeatherMUITestsLaunchTests.swift; sourceTree = "<group>"; };
/* End PBXFileReference section */

/* Begin PBXFrameworksBuildPhase section */
		13C7303F2A76F0A3006FF6FD /* Frameworks */ = {
			isa = PBXFrameworksBuildPhase;
			buildActionMask = 2147483647;
			files = (
			);
			runOnlyForDeploymentPostprocessing = 0;
		};
		13C730582A76F0A4006FF6FD /* Frameworks */ = {
			isa = PBXFrameworksBuildPhase;
			buildActionMask = 2147483647;
			files = (
			);
			runOnlyForDeploymentPostprocessing = 0;
		};
		13C730622A76F0A4006FF6FD /* Frameworks */ = {
			isa = PBXFrameworksBuildPhase;
			buildActionMask = 2147483647;
			files = (
			);
			runOnlyForDeploymentPostprocessing = 0;
		};
/* End PBXFrameworksBuildPhase section */

/* Begin PBXGroup section */
		13C730392A76F0A3006FF6FD = {
			isa = PBXGroup;
			children = (
				13C730442A76F0A3006FF6FD /* WeatherM */,
				13C7305E2A76F0A4006FF6FD /* WeatherMTests */,
				13C730682A76F0A4006FF6FD /* WeatherMUITests */,
				13C730432A76F0A3006FF6FD /* Products */,
			);
			sourceTree = "<group>";
		};
		13C730432A76F0A3006FF6FD /* Products */ = {
			isa = PBXGroup;
			children = (
				13C730422A76F0A3006FF6FD /* WeatherM.app */,
				13C7305B2A76F0A4006FF6FD /* WeatherMTests.xctest */,
				13C730652A76F0A4006FF6FD /* WeatherMUITests.xctest */,
			);
			name = Products;
			sourceTree = "<group>";
		};
		13C730442A76F0A3006FF6FD /* WeatherM */ = {
			isa = PBXGroup;
			children = (
				13C730452A76F0A3006FF6FD /* AppDelegate.swift */,
				13C730472A76F0A3006FF6FD /* SceneDelegate.swift */,
				13C730492A76F0A3006FF6FD /* ViewController.swift */,
				13C7304B2A76F0A3006FF6FD /* Main.storyboard */,
				13C730512A76F0A4006FF6FD /* Assets.xcassets */,
				13C730532A76F0A4006FF6FD /* LaunchScreen.storyboard */,
				13C730562A76F0A4006FF6FD /* Info.plist */,
				13C7304E2A76F0A3006FF6FD /* WeatherM.xcdatamodeld */,
			);
			path = WeatherM;
			sourceTree = "<group>";
		};
		13C7305E2A76F0A4006FF6FD /* WeatherMTests */ = {
			isa = PBXGroup;
			children = (
				13C7305F2A76F0A4006FF6FD /* WeatherMTests.swift */,
			);
			path = WeatherMTests;
			sourceTree = "<group>";
		};
		13C730682A76F0A4006FF6FD /* WeatherMUITests */ = {
			isa = PBXGroup;
			children = (
				13C730692A76F0A4006FF6FD /* WeatherMUITests.swift */,
				13C7306B2A76F0A4006FF6FD /* WeatherMUITestsLaunchTests.swift */,
			);
			path = WeatherMUITests;
			sourceTree = "<group>";
		};
/* End PBXGroup section */

/* Begin PBXNativeTarget section */
		13C730412A76F0A3006FF6FD /* WeatherM */ = {
			isa = PBXNativeTarget;
			buildConfigurationList = 13C7306F2A76F0A4006FF6FD /* Build configuration list for PBXNativeTarget "WeatherM" */;
			buildPhases = (
				13C7303E2A76F0A3006FF6FD /* Sources */,
				13C7303F2A76F0A3006FF6FD /* Frameworks */,
				13C730402A76F0A3006FF6FD /* Resources */,
			);
			buildRules = (
			);
			dependencies = (
			);
			name = WeatherM;
			productName = WeatherM;
			productReference = 13C730422A76F0A3006FF6FD /* WeatherM.app */;
			productType = "com.apple.product-type.application";
		};
		13C7305A2A76F0A4006FF6FD /* WeatherMTests */ = {
			isa = PBXNativeTarget;
			buildConfigurationList = 13C730722A76F0A4006FF6FD /* Build configuration list for PBXNativeTarget "WeatherMTests" */;
			buildPhases = (
				13C730572A76F0A4006FF6FD /* Sources */,
				13C730582A76F0A4006FF6FD /* Frameworks */,
				13C730592A76F0A4006FF6FD /* Resources */,
			);
			buildRules = (
			);
			dependencies = (
				13C7305D2A76F0A4006FF6FD /* PBXTargetDependency */,
			);
			name = WeatherMTests;
			productName = WeatherMTests;
			productReference = 13C7305B2A76F0A4006FF6FD /* WeatherMTests.xctest */;
			productType = "com.apple.product-type.bundle.unit-test";
		};
		13C730642A76F0A4006FF6FD /* WeatherMUITests */ = {
			isa = PBXNativeTarget;
			buildConfigurationList = 13C730752A76F0A4006FF6FD /* Build configuration list for PBXNativeTarget "WeatherMUITests" */;
			buildPhases = (
				13C730612A76F0A4006FF6FD /* Sources */,
				13C730622A76F0A4006FF6FD /* Frameworks */,
				13C730632A76F0A4006FF6FD /* Resources */,
			);
			buildRules = (
			);
			dependencies = (
				13C730672A76F0A4006FF6FD /* PBXTargetDependency */,
			);
			name = WeatherMUITests;
			productName = WeatherMUITests;
			productReference = 13C730652A76F0A4006FF6FD /* WeatherMUITests.xctest */;
			productType = "com.apple.product-type.bundle.ui-testing";
		};
/* End PBXNativeTarget section */

/* Begin PBXProject section */
		13C7303A2A76F0A3006FF6FD /* Project object */ = {
			isa = PBXProject;
			attributes = {
				BuildIndependentTargetsInParallel = 1;
				LastSwiftUpdateCheck = 1430;
				LastUpgradeCheck = 1430;
				TargetAttributes = {
					13C730412A76F0A3006FF6FD = {
						CreatedOnToolsVersion = 14.3.1;
					};
					13C7305A2A76F0A4006FF6FD = {
						CreatedOnToolsVersion = 14.3.1;
						TestTargetID = 13C730412A76F0A3006FF6FD;
					};
					13C730642A76F0A4006FF6FD = {
						CreatedOnToolsVersion = 14.3.1;
						TestTargetID = 13C730412A76F0A3006FF6FD;
					};
				};
			};
			buildConfigurationList = 13C7303D2A76F0A3006FF6FD /* Build configuration list for PBXProject "WeatherM" */;
			compatibilityVersion = "Xcode 14.0";
			developmentRegion = en;
			hasScannedForEncodings = 0;
			knownRegions = (
				en,
				Base,
			);
			mainGroup = 13C730392A76F0A3006FF6FD;
			productRefGroup = 13C730432A76F0A3006FF6FD /* Products */;
			projectDirPath = "";
			projectRoot = "";
			targets = (
				13C730412A76F0A3006FF6FD /* WeatherM */,
				13C7305A2A76F0A4006FF6FD /* WeatherMTests */,
				13C730642A76F0A4006FF6FD /* WeatherMUITests */,
			);
		};
/* End PBXProject section */

/* Begin PBXResourcesBuildPhase section */
		13C730402A76F0A3006FF6FD /* Resources */ = {
			isa = PBXResourcesBuildPhase;
			buildActionMask = 2147483647;
			files = (
				13C730552A76F0A4006FF6FD /* LaunchScreen.storyboard in Resources */,
				13C730522A76F0A4006FF6FD /* Assets.xcassets in Resources */,
				13C7304D2A76F0A3006FF6FD /* Main.storyboard in Resources */,
			);
			runOnlyForDeploymentPostprocessing = 0;
		};
		13C730592A76F0A4006FF6FD /* Resources */ = {
			isa = PBXResourcesBuildPhase;
			buildActionMask = 2147483647;
			files = (
			);
			runOnlyForDeploymentPostprocessing = 0;
		};
		13C730632A76F0A4006FF6FD /* Resources */ = {
			isa = PBXResourcesBuildPhase;
			buildActionMask = 2147483647;
			files = (
			);
			runOnlyForDeploymentPostprocessing = 0;
		};
/* End PBXResourcesBuildPhase section */

/* Begin PBXSourcesBuildPhase section */
		13C7303E2A76F0A3006FF6FD /* Sources */ = {
			isa = PBXSourcesBuildPhase;
			buildActionMask = 2147483647;
			files = (
				13C7304A2A76F0A3006FF6FD /* ViewController.swift in Sources */,
				13C730462A76F0A3006FF6FD /* AppDelegate.swift in Sources */,
				13C730502A76F0A3006FF6FD /* WeatherM.xcdatamodeld in Sources */,
				13C730482A76F0A3006FF6FD /* SceneDelegate.swift in Sources */,
			);
			runOnlyForDeploymentPostprocessing = 0;
		};
		13C730572A76F0A4006FF6FD /* Sources */ = {
			isa = PBXSourcesBuildPhase;
			buildActionMask = 2147483647;
			files = (
				13C730602A76F0A4006FF6FD /* WeatherMTests.swift in Sources */,
			);
			runOnlyForDeploymentPostprocessing = 0;
		};
		13C730612A76F0A4006FF6FD /* Sources */ = {
			isa = PBXSourcesBuildPhase;
			buildActionMask = 2147483647;
			files = (
				13C7306C2A76F0A4006FF6FD /* WeatherMUITestsLaunchTests.swift in Sources */,
				13C7306A2A76F0A4006FF6FD /* WeatherMUITests.swift in Sources */,
			);
			runOnlyForDeploymentPostprocessing = 0;
		};
/* End PBXSourcesBuildPhase section */

/* Begin PBXTargetDependency section */
		13C7305D2A76F0A4006FF6FD /* PBXTargetDependency */ = {
			isa = PBXTargetDependency;
			target = 13C730412A76F0A3006FF6FD /* WeatherM */;
			targetProxy = 13C7305C2A76F0A4006FF6FD /* PBXContainerItemProxy */;
		};
		13C730672A76F0A4006FF6FD /* PBXTargetDependency */ = {
			isa = PBXTargetDependency;
			target = 13C730412A76F0A3006FF6FD /* WeatherM */;
			targetProxy = 13C730662A76F0A4006FF6FD /* PBXContainerItemProxy */;
		};
/* End PBXTargetDependency section */

/* Begin PBXVariantGroup section */
		13C7304B2A76F0A3006FF6FD /* Main.storyboard */ = {
			isa = PBXVariantGroup;
			children = (
				13C7304C2A76F0A3006FF6FD /* Base */,
			);
			name = Main.storyboard;
			sourceTree = "<group>";
		};
		13C730532A76F0A4006FF6FD /* LaunchScreen.storyboard */ = {
			isa = PBXVariantGroup;
			children = (
				13C730542A76F0A4006FF6FD /* Base */,
			);
			name = LaunchScreen.storyboard;
			sourceTree = "<group>";
		};
/* End PBXVariantGroup section */

/* Begin XCBuildConfiguration section */
		13C7306D2A76F0A4006FF6FD /* Debug */ = {
			isa = XCBuildConfiguration;
			buildSettings = {
				ALWAYS_SEARCH_USER_PATHS = NO;
				CLANG_ANALYZER_NONNULL = YES;
				CLANG_ANALYZER_NUMBER_OBJECT_CONVERSION = YES_AGGRESSIVE;
				CLANG_CXX_LANGUAGE_STANDARD = "gnu++20";
				CLANG_ENABLE_MODULES = YES;
				CLANG_ENABLE_OBJC_ARC = YES;
				CLANG_ENABLE_OBJC_WEAK = YES;
				CLANG_WARN_BLOCK_CAPTURE_AUTORELEASING = YES;
				CLANG_WARN_BOOL_CONVERSION = YES;
				CLANG_WARN_COMMA = YES;
				CLANG_WARN_CONSTANT_CONVERSION = YES;
				CLANG_WARN_DEPRECATED_OBJC_IMPLEMENTATIONS = YES;
				CLANG_WARN_DIRECT_OBJC_ISA_USAGE = YES_ERROR;
				CLANG_WARN_DOCUMENTATION_COMMENTS = YES;
				CLANG_WARN_EMPTY_BODY = YES;
				CLANG_WARN_ENUM_CONVERSION = YES;
				CLANG_WARN_INFINITE_RECURSION = YES;
				CLANG_WARN_INT_CONVERSION = YES;
				CLANG_WARN_NON_LITERAL_NULL_CONVERSION = YES;
				CLANG_WARN_OBJC_IMPLICIT_RETAIN_SELF = YES;
				CLANG_WARN_OBJC_LITERAL_CONVERSION = YES;
				CLANG_WARN_OBJC_ROOT_CLASS = YES_ERROR;
				CLANG_WARN_QUOTED_INCLUDE_IN_FRAMEWORK_HEADER = YES;
				CLANG_WARN_RANGE_LOOP_ANALYSIS = YES;
				CLANG_WARN_STRICT_PROTOTYPES = YES;
				CLANG_WARN_SUSPICIOUS_MOVE = YES;
				CLANG_WARN_UNGUARDED_AVAILABILITY = YES_AGGRESSIVE;
				CLANG_WARN_UNREACHABLE_CODE = YES;
				CLANG_WARN__DUPLICATE_METHOD_MATCH = YES;
				COPY_PHASE_STRIP = NO;
				DEBUG_INFORMATION_FORMAT = dwarf;
				ENABLE_STRICT_OBJC_MSGSEND = YES;
				ENABLE_TESTABILITY = YES;
				GCC_C_LANGUAGE_STANDARD = gnu11;
				GCC_DYNAMIC_NO_PIC = NO;
				GCC_NO_COMMON_BLOCKS = YES;
				GCC_OPTIMIZATION_LEVEL = 0;
				GCC_PREPROCESSOR_DEFINITIONS = (
					"DEBUG=1",
					"$(inherited)",
				);
				GCC_WARN_64_TO_32_BIT_CONVERSION = YES;
				GCC_WARN_ABOUT_RETURN_TYPE = YES_ERROR;
				GCC_WARN_UNDECLARED_SELECTOR = YES;
				GCC_WARN_UNINITIALIZED_AUTOS = YES_AGGRESSIVE;
				GCC_WARN_UNUSED_FUNCTION = YES;
				GCC_WARN_UNUSED_VARIABLE = YES;
				IPHONEOS_DEPLOYMENT_TARGET = 16.4;
				MTL_ENABLE_DEBUG_INFO = INCLUDE_SOURCE;
				MTL_FAST_MATH = YES;
				ONLY_ACTIVE_ARCH = YES;
				SDKROOT = iphoneos;
				SWIFT_ACTIVE_COMPILATION_CONDITIONS = DEBUG;
				SWIFT_OPTIMIZATION_LEVEL = "-Onone";
			};
			name = Debug;
		};
		13C7306E2A76F0A4006FF6FD /* Release */ = {
			isa = XCBuildConfiguration;
			buildSettings = {
				ALWAYS_SEARCH_USER_PATHS = NO;
				CLANG_ANALYZER_NONNULL = YES;
				CLANG_ANALYZER_NUMBER_OBJECT_CONVERSION = YES_AGGRESSIVE;
				CLANG_CXX_LANGUAGE_STANDARD = "gnu++20";
				CLANG_ENABLE_MODULES = YES;
				CLANG_ENABLE_OBJC_ARC = YES;
				CLANG_ENABLE_OBJC_WEAK = YES;
				CLANG_WARN_BLOCK_CAPTURE_AUTORELEASING = YES;
				CLANG_WARN_BOOL_CONVERSION = YES;
				CLANG_WARN_COMMA = YES;
				CLANG_WARN_CONSTANT_CONVERSION = YES;
				CLANG_WARN_DEPRECATED_OBJC_IMPLEMENTATIONS = YES;
				CLANG_WARN_DIRECT_OBJC_ISA_USAGE = YES_ERROR;
				CLANG_WARN_DOCUMENTATION_COMMENTS = YES;
				CLANG_WARN_EMPTY_BODY = YES;
				CLANG_WARN_ENUM_CONVERSION = YES;
				CLANG_WARN_INFINITE_RECURSION = YES;
				CLANG_WARN_INT_CONVERSION = YES;
				CLANG_WARN_NON_LITERAL_NULL_CONVERSION = YES;
				CLANG_WARN_OBJC_IMPLICIT_RETAIN_SELF = YES;
				CLANG_WARN_OBJC_LITERAL_CONVERSION = YES;
				CLANG_WARN_OBJC_ROOT_CLASS = YES_ERROR;
				CLANG_WARN_QUOTED_INCLUDE_IN_FRAMEWORK_HEADER = YES;
				CLANG_WARN_RANGE_LOOP_ANALYSIS = YES;
				CLANG_WARN_STRICT_PROTOTYPES = YES;
				CLANG_WARN_SUSPICIOUS_MOVE = YES;
				CLANG_WARN_UNGUARDED_AVAILABILITY = YES_AGGRESSIVE;
				CLANG_WARN_UNREACHABLE_CODE = YES;
				CLANG_WARN__DUPLICATE_METHOD_MATCH = YES;
				COPY_PHASE_STRIP = NO;
				DEBUG_INFORMATION_FORMAT = "dwarf-with-dsym";
				ENABLE_NS_ASSERTIONS = NO;
				ENABLE_STRICT_OBJC_MSGSEND = YES;
				GCC_C_LANGUAGE_STANDARD = gnu11;
				GCC_NO_COMMON_BLOCKS = YES;
				GCC_WARN_64_TO_32_BIT_CONVERSION = YES;
				GCC_WARN_ABOUT_RETURN_TYPE = YES_ERROR;
				GCC_WARN_UNDECLARED_SELECTOR = YES;
				GCC_WARN_UNINITIALIZED_AUTOS = YES_AGGRESSIVE;
				GCC_WARN_UNUSED_FUNCTION = YES;
				GCC_WARN_UNUSED_VARIABLE = YES;
				IPHONEOS_DEPLOYMENT_TARGET = 16.4;
				MTL_ENABLE_DEBUG_INFO = NO;
				MTL_FAST_MATH = YES;
				SDKROOT = iphoneos;
				SWIFT_COMPILATION_MODE = wholemodule;
				SWIFT_OPTIMIZATION_LEVEL = "-O";
				VALIDATE_PRODUCT = YES;
			};
			name = Release;
		};
		13C730702A76F0A4006FF6FD /* Debug */ = {
			isa = XCBuildConfiguration;
			buildSettings = {
				ASSETCATALOG_COMPILER_APPICON_NAME = AppIcon;
				ASSETCATALOG_COMPILER_GLOBAL_ACCENT_COLOR_NAME = AccentColor;
				CODE_SIGN_STYLE = Automatic;
				CURRENT_PROJECT_VERSION = 1;
				GENERATE_INFOPLIST_FILE = YES;
				INFOPLIST_FILE = WeatherM/Info.plist;
				INFOPLIST_KEY_UIApplicationSupportsIndirectInputEvents = YES;
				INFOPLIST_KEY_UILaunchStoryboardName = LaunchScreen;
				INFOPLIST_KEY_UIMainStoryboardFile = Main;
				INFOPLIST_KEY_UISupportedInterfaceOrientations_iPad = "UIInterfaceOrientationPortrait UIInterfaceOrientationPortraitUpsideDown UIInterfaceOrientationLandscapeLeft UIInterfaceOrientationLandscapeRight";
				INFOPLIST_KEY_UISupportedInterfaceOrientations_iPhone = "UIInterfaceOrientationPortrait UIInterfaceOrientationLandscapeLeft UIInterfaceOrientationLandscapeRight";
				LD_RUNPATH_SEARCH_PATHS = (
					"$(inherited)",
					"@executable_path/Frameworks",
				);
				MARKETING_VERSION = 1.0;
				PRODUCT_BUNDLE_IDENTIFIER = code.WeatherM;
				PRODUCT_NAME = "$(TARGET_NAME)";
				SWIFT_EMIT_LOC_STRINGS = YES;
				SWIFT_VERSION = 5.0;
				TARGETED_DEVICE_FAMILY = "1,2";
			};
			name = Debug;
		};
		13C730712A76F0A4006FF6FD /* Release */ = {
			isa = XCBuildConfiguration;
			buildSettings = {
				ASSETCATALOG_COMPILER_APPICON_NAME = AppIcon;
				ASSETCATALOG_COMPILER_GLOBAL_ACCENT_COLOR_NAME = AccentColor;
				CODE_SIGN_STYLE = Automatic;
				CURRENT_PROJECT_VERSION = 1;
				GENERATE_INFOPLIST_FILE = YES;
				INFOPLIST_FILE = WeatherM/Info.plist;
				INFOPLIST_KEY_UIApplicationSupportsIndirectInputEvents = YES;
				INFOPLIST_KEY_UILaunchStoryboardName = LaunchScreen;
				INFOPLIST_KEY_UIMainStoryboardFile = Main;
				INFOPLIST_KEY_UISupportedInterfaceOrientations_iPad = "UIInterfaceOrientationPortrait UIInterfaceOrientationPortraitUpsideDown UIInterfaceOrientationLandscapeLeft UIInterfaceOrientationLandscapeRight";
				INFOPLIST_KEY_UISupportedInterfaceOrientations_iPhone = "UIInterfaceOrientationPortrait UIInterfaceOrientationLandscapeLeft UIInterfaceOrientationLandscapeRight";
				LD_RUNPATH_SEARCH_PATHS = (
					"$(inherited)",
					"@executable_path/Frameworks",
				);
				MARKETING_VERSION = 1.0;
				PRODUCT_BUNDLE_IDENTIFIER = code.WeatherM;
				PRODUCT_NAME = "$(TARGET_NAME)";
				SWIFT_EMIT_LOC_STRINGS = YES;
				SWIFT_VERSION = 5.0;
				TARGETED_DEVICE_FAMILY = "1,2";
			};
			name = Release;
		};
		13C730732A76F0A4006FF6FD /* Debug */ = {
			isa = XCBuildConfiguration;
			buildSettings = {
				ALWAYS_EMBED_SWIFT_STANDARD_LIBRARIES = YES;
				BUNDLE_LOADER = "$(TEST_HOST)";
				CODE_SIGN_STYLE = Automatic;
				CURRENT_PROJECT_VERSION = 1;
				GENERATE_INFOPLIST_FILE = YES;
				IPHONEOS_DEPLOYMENT_TARGET = 16.4;
				MARKETING_VERSION = 1.0;
				PRODUCT_BUNDLE_IDENTIFIER = code.WeatherMTests;
				PRODUCT_NAME = "$(TARGET_NAME)";
				SWIFT_EMIT_LOC_STRINGS = NO;
				SWIFT_VERSION = 5.0;
				TARGETED_DEVICE_FAMILY = "1,2";
				TEST_HOST = "$(BUILT_PRODUCTS_DIR)/WeatherM.app/$(BUNDLE_EXECUTABLE_FOLDER_PATH)/WeatherM";
			};
			name = Debug;
		};
		13C730742A76F0A4006FF6FD /* Release */ = {
			isa = XCBuildConfiguration;
			buildSettings = {
				ALWAYS_EMBED_SWIFT_STANDARD_LIBRARIES = YES;
				BUNDLE_LOADER = "$(TEST_HOST)";
				CODE_SIGN_STYLE = Automatic;
				CURRENT_PROJECT_VERSION = 1;
				GENERATE_INFOPLIST_FILE = YES;
				IPHONEOS_DEPLOYMENT_TARGET = 16.4;
				MARKETING_VERSION = 1.0;
				PRODUCT_BUNDLE_IDENTIFIER = code.WeatherMTests;
				PRODUCT_NAME = "$(TARGET_NAME)";
				SWIFT_EMIT_LOC_STRINGS = NO;
				SWIFT_VERSION = 5.0;
				TARGETED_DEVICE_FAMILY = "1,2";
				TEST_HOST = "$(BUILT_PRODUCTS_DIR)/WeatherM.app/$(BUNDLE_EXECUTABLE_FOLDER_PATH)/WeatherM";
			};
			name = Release;
		};
		13C730762A76F0A4006FF6FD /* Debug */ = {
			isa = XCBuildConfiguration;
			buildSettings = {
				ALWAYS_EMBED_SWIFT_STANDARD_LIBRARIES = YES;
				CODE_SIGN_STYLE = Automatic;
				CURRENT_PROJECT_VERSION = 1;
				GENERATE_INFOPLIST_FILE = YES;
				MARKETING_VERSION = 1.0;
				PRODUCT_BUNDLE_IDENTIFIER = code.WeatherMUITests;
				PRODUCT_NAME = "$(TARGET_NAME)";
				SWIFT_EMIT_LOC_STRINGS = NO;
				SWIFT_VERSION = 5.0;
				TARGETED_DEVICE_FAMILY = "1,2";
				TEST_TARGET_NAME = WeatherM;
			};
			name = Debug;
		};
		13C730772A76F0A4006FF6FD /* Release */ = {
			isa = XCBuildConfiguration;
			buildSettings = {
				ALWAYS_EMBED_SWIFT_STANDARD_LIBRARIES = YES;
				CODE_SIGN_STYLE = Automatic;
				CURRENT_PROJECT_VERSION = 1;
				GENERATE_INFOPLIST_FILE = YES;
				MARKETING_VERSION = 1.0;
				PRODUCT_BUNDLE_IDENTIFIER = code.WeatherMUITests;
				PRODUCT_NAME = "$(TARGET_NAME)";
				SWIFT_EMIT_LOC_STRINGS = NO;
				SWIFT_VERSION = 5.0;
				TARGETED_DEVICE_FAMILY = "1,2";
				TEST_TARGET_NAME = WeatherM;
			};
			name = Release;
		};
/* End XCBuildConfiguration section */

/* Begin XCConfigurationList section */
		13C7303D2A76F0A3006FF6FD /* Build configuration list for PBXProject "WeatherM" */ = {
			isa = XCConfigurationList;
			buildConfigurations = (
				13C7306D2A76F0A4006FF6FD /* Debug */,
				13C7306E2A76F0A4006FF6FD /* Release */,
			);
			defaultConfigurationIsVisible = 0;
			defaultConfigurationName = Release;
		};
		13C7306F2A76F0A4006FF6FD /* Build configuration list for PBXNativeTarget "WeatherM" */ = {
			isa = XCConfigurationList;
			buildConfigurations = (
				13C730702A76F0A4006FF6FD /* Debug */,
				13C730712A76F0A4006FF6FD /* Release */,
			);
			defaultConfigurationIsVisible = 0;
			defaultConfigurationName = Release;
		};
		13C730722A76F0A4006FF6FD /* Build configuration list for PBXNativeTarget "WeatherMTests" */ = {
			isa = XCConfigurationList;
			buildConfigurations = (
				13C730732A76F0A4006FF6FD /* Debug */,
				13C730742A76F0A4006FF6FD /* Release */,
			);
			defaultConfigurationIsVisible = 0;
			defaultConfigurationName = Release;
		};
		13C730752A76F0A4006FF6FD /* Build configuration list for PBXNativeTarget "WeatherMUITests" */ = {
			isa = XCConfigurationList;
			buildConfigurations = (
				13C730762A76F0A4006FF6FD /* Debug */,
				13C730772A76F0A4006FF6FD /* Release */,
			);
			defaultConfigurationIsVisible = 0;
			defaultConfigurationName = Release;
		};
/* End XCConfigurationList section */

/* Begin XCVersionGroup section */
		13C7304E2A76F0A3006FF6FD /* WeatherM.xcdatamodeld */ = {
			isa = XCVersionGroup;
			children = (
				13C7304F2A76F0A3006FF6FD /* WeatherM.xcdatamodel */,
			);
			currentVersion = 13C7304F2A76F0A3006FF6FD /* WeatherM.xcdatamodel */;
			path = WeatherM.xcdatamodeld;
			sourceTree = "<group>";
			versionGroupType = wrapper.xcdatamodel;
		};
/* End XCVersionGroup section */
	};
	rootObject = 13C7303A2A76F0A3006FF6FD /* Project object */;
}
